
Microsoft Visual Studio Solution File, Format Version 12.00
# Visual Studio 2013
VisualStudioVersion = 12.0.31101.0
MinimumVisualStudioVersion = 10.0.40219.1
Project("{2150E333-8FDC-42A3-9474-1A3956D46DE8}") = ".nuget", ".nuget", "{1538CA7F-F2EF-4F2F-9FDC-DC74A5355B41}"
	ProjectSection(SolutionItems) = preProject
		.nuget\NuGet.Config = .nuget\NuGet.Config
	EndProjectSection
EndProject
Project("{FAE04EC0-301F-11D3-BF4B-00C04F79EFBC}") = "DlxLib", "DlxLib\DlxLib.csproj", "{C46D0463-53E5-4782-B4F8-50CDC2A933F9}"
EndProject
Project("{FAE04EC0-301F-11D3-BF4B-00C04F79EFBC}") = "DlxLibDemo", "DlxLibDemo\DlxLibDemo.csproj", "{7853064F-51EB-42E0-B94C-EA9842B3FC58}"
EndProject
Project("{FAE04EC0-301F-11D3-BF4B-00C04F79EFBC}") = "DlxLibDemo2", "DlxLibDemo2\DlxLibDemo2.csproj", "{345701C2-9EE0-42DD-BC05-36D7E989D02E}"
EndProject
Project("{FAE04EC0-301F-11D3-BF4B-00C04F79EFBC}") = "DlxLibDemo3", "DlxLibDemo3\DlxLibDemo3.csproj", "{9F23CC45-D6BC-4DB7-B0FA-46B7C53FD014}"
EndProject
Project("{FAE04EC0-301F-11D3-BF4B-00C04F79EFBC}") = "DlxLibTests", "DlxLibTests\DlxLibTests.csproj", "{AAFA33AD-EE59-4863-AE8C-6ACB594DC344}"
EndProject
Project("{FAE04EC0-301F-11D3-BF4B-00C04F79EFBC}") = "DlxLibPropertyTests", "DlxLibPropertyTests\DlxLibPropertyTests.csproj", "{4553B01D-D547-45D3-9B1E-869F29534897}"
EndProject
Project("{F2A71F9B-5D33-465A-A702-920D77279786}") = "DlxLibPropertyTestsFs", "DlxLibPropertyTestsFs\DlxLibPropertyTestsFs.fsproj", "{99AA588B-46C8-4C12-880C-15598E16C925}"
EndProject
Project("{F088123C-0E9E-452A-89E6-6BA2F21D5CAC}") = "DlxLibModels", "DlxLibModels\DlxLibModels.modelproj", "{11965CE7-309F-46C0-8408-2C31CA14901C}"
EndProject
Project("{2150E333-8FDC-42A3-9474-1A3956D46DE8}") = "Solution Items", "Solution Items", "{6ED50C4C-94BA-4157-9540-3C1E2322EE80}"
	ProjectSection(SolutionItems) = preProject
		00-TODO.txt = 00-TODO.txt
	EndProjectSection
EndProject
Global
	GlobalSection(SolutionConfigurationPlatforms) = preSolution
		Debug|Any CPU = Debug|Any CPU
		Debug|Mixed Platforms = Debug|Mixed Platforms
		Debug|x86 = Debug|x86
		Release|Any CPU = Release|Any CPU
		Release|Mixed Platforms = Release|Mixed Platforms
		Release|x86 = Release|x86
	EndGlobalSection
	GlobalSection(ProjectConfigurationPlatforms) = postSolution
		{C46D0463-53E5-4782-B4F8-50CDC2A933F9}.Debug|Any CPU.ActiveCfg = Debug|Any CPU
		{C46D0463-53E5-4782-B4F8-50CDC2A933F9}.Debug|Any CPU.Build.0 = Debug|Any CPU
		{C46D0463-53E5-4782-B4F8-50CDC2A933F9}.Debug|Mixed Platforms.ActiveCfg = Debug|Any CPU
		{C46D0463-53E5-4782-B4F8-50CDC2A933F9}.Debug|Mixed Platforms.Build.0 = Debug|Any CPU
		{C46D0463-53E5-4782-B4F8-50CDC2A933F9}.Debug|x86.ActiveCfg = Debug|Any CPU
		{C46D0463-53E5-4782-B4F8-50CDC2A933F9}.Release|Any CPU.ActiveCfg = Release|Any CPU
		{C46D0463-53E5-4782-B4F8-50CDC2A933F9}.Release|Any CPU.Build.0 = Release|Any CPU
		{C46D0463-53E5-4782-B4F8-50CDC2A933F9}.Release|Mixed Platforms.ActiveCfg = Release|Any CPU
		{C46D0463-53E5-4782-B4F8-50CDC2A933F9}.Release|Mixed Platforms.Build.0 = Release|Any CPU
		{C46D0463-53E5-4782-B4F8-50CDC2A933F9}.Release|x86.ActiveCfg = Release|Any CPU
		{7853064F-51EB-42E0-B94C-EA9842B3FC58}.Debug|Any CPU.ActiveCfg = Debug|x86
		{7853064F-51EB-42E0-B94C-EA9842B3FC58}.Debug|Mixed Platforms.ActiveCfg = Debug|x86
		{7853064F-51EB-42E0-B94C-EA9842B3FC58}.Debug|Mixed Platforms.Build.0 = Debug|x86
		{7853064F-51EB-42E0-B94C-EA9842B3FC58}.Debug|x86.ActiveCfg = Debug|x86
		{7853064F-51EB-42E0-B94C-EA9842B3FC58}.Debug|x86.Build.0 = Debug|x86
		{7853064F-51EB-42E0-B94C-EA9842B3FC58}.Release|Any CPU.ActiveCfg = Release|x86
		{7853064F-51EB-42E0-B94C-EA9842B3FC58}.Release|Mixed Platforms.ActiveCfg = Release|x86
		{7853064F-51EB-42E0-B94C-EA9842B3FC58}.Release|Mixed Platforms.Build.0 = Release|x86
		{7853064F-51EB-42E0-B94C-EA9842B3FC58}.Release|x86.ActiveCfg = Release|x86
		{7853064F-51EB-42E0-B94C-EA9842B3FC58}.Release|x86.Build.0 = Release|x86
		{345701C2-9EE0-42DD-BC05-36D7E989D02E}.Debug|Any CPU.ActiveCfg = Debug|x86
		{345701C2-9EE0-42DD-BC05-36D7E989D02E}.Debug|Mixed Platforms.ActiveCfg = Debug|x86
		{345701C2-9EE0-42DD-BC05-36D7E989D02E}.Debug|Mixed Platforms.Build.0 = Debug|x86
		{345701C2-9EE0-42DD-BC05-36D7E989D02E}.Debug|x86.ActiveCfg = Debug|x86
		{345701C2-9EE0-42DD-BC05-36D7E989D02E}.Debug|x86.Build.0 = Debug|x86
		{345701C2-9EE0-42DD-BC05-36D7E989D02E}.Release|Any CPU.ActiveCfg = Release|x86
		{345701C2-9EE0-42DD-BC05-36D7E989D02E}.Release|Mixed Platforms.ActiveCfg = Release|x86
		{345701C2-9EE0-42DD-BC05-36D7E989D02E}.Release|Mixed Platforms.Build.0 = Release|x86
		{345701C2-9EE0-42DD-BC05-36D7E989D02E}.Release|x86.ActiveCfg = Release|x86
		{345701C2-9EE0-42DD-BC05-36D7E989D02E}.Release|x86.Build.0 = Release|x86
		{9F23CC45-D6BC-4DB7-B0FA-46B7C53FD014}.Debug|Any CPU.ActiveCfg = Debug|x86
		{9F23CC45-D6BC-4DB7-B0FA-46B7C53FD014}.Debug|Mixed Platforms.ActiveCfg = Debug|x86
		{9F23CC45-D6BC-4DB7-B0FA-46B7C53FD014}.Debug|Mixed Platforms.Build.0 = Debug|x86
		{9F23CC45-D6BC-4DB7-B0FA-46B7C53FD014}.Debug|x86.ActiveCfg = Debug|x86
		{9F23CC45-D6BC-4DB7-B0FA-46B7C53FD014}.Debug|x86.Build.0 = Debug|x86
		{9F23CC45-D6BC-4DB7-B0FA-46B7C53FD014}.Release|Any CPU.ActiveCfg = Release|x86
		{9F23CC45-D6BC-4DB7-B0FA-46B7C53FD014}.Release|Mixed Platforms.ActiveCfg = Release|x86
		{9F23CC45-D6BC-4DB7-B0FA-46B7C53FD014}.Release|Mixed Platforms.Build.0 = Release|x86
		{9F23CC45-D6BC-4DB7-B0FA-46B7C53FD014}.Release|x86.ActiveCfg = Release|x86
		{9F23CC45-D6BC-4DB7-B0FA-46B7C53FD014}.Release|x86.Build.0 = Release|x86
		{AAFA33AD-EE59-4863-AE8C-6ACB594DC344}.Debug|Any CPU.ActiveCfg = Debug|Any CPU
		{AAFA33AD-EE59-4863-AE8C-6ACB594DC344}.Debug|Any CPU.Build.0 = Debug|Any CPU
		{AAFA33AD-EE59-4863-AE8C-6ACB594DC344}.Debug|Mixed Platforms.ActiveCfg = Debug|Any CPU
		{AAFA33AD-EE59-4863-AE8C-6ACB594DC344}.Debug|Mixed Platforms.Build.0 = Debug|Any CPU
		{AAFA33AD-EE59-4863-AE8C-6ACB594DC344}.Debug|x86.ActiveCfg = Debug|Any CPU
		{AAFA33AD-EE59-4863-AE8C-6ACB594DC344}.Release|Any CPU.ActiveCfg = Release|Any CPU
		{AAFA33AD-EE59-4863-AE8C-6ACB594DC344}.Release|Any CPU.Build.0 = Release|Any CPU
		{AAFA33AD-EE59-4863-AE8C-6ACB594DC344}.Release|Mixed Platforms.ActiveCfg = Release|Any CPU
		{AAFA33AD-EE59-4863-AE8C-6ACB594DC344}.Release|Mixed Platforms.Build.0 = Release|Any CPU
		{AAFA33AD-EE59-4863-AE8C-6ACB594DC344}.Release|x86.ActiveCfg = Release|Any CPU
		{4553B01D-D547-45D3-9B1E-869F29534897}.Debug|Any CPU.ActiveCfg = Debug|Any CPU
		{4553B01D-D547-45D3-9B1E-869F29534897}.Debug|Any CPU.Build.0 = Debug|Any CPU
		{4553B01D-D547-45D3-9B1E-869F29534897}.Debug|Mixed Platforms.ActiveCfg = Debug|Any CPU
		{4553B01D-D547-45D3-9B1E-869F29534897}.Debug|Mixed Platforms.Build.0 = Debug|Any CPU
		{4553B01D-D547-45D3-9B1E-869F29534897}.Debug|x86.ActiveCfg = Debug|Any CPU
		{4553B01D-D547-45D3-9B1E-869F29534897}.Release|Any CPU.ActiveCfg = Release|Any CPU
		{4553B01D-D547-45D3-9B1E-869F29534897}.Release|Any CPU.Build.0 = Release|Any CPU
		{4553B01D-D547-45D3-9B1E-869F29534897}.Release|Mixed Platforms.ActiveCfg = Release|Any CPU
		{4553B01D-D547-45D3-9B1E-869F29534897}.Release|Mixed Platforms.Build.0 = Release|Any CPU
		{4553B01D-D547-45D3-9B1E-869F29534897}.Release|x86.ActiveCfg = Release|Any CPU
		{99AA588B-46C8-4C12-880C-15598E16C925}.Debug|Any CPU.ActiveCfg = Debug|Any CPU
		{99AA588B-46C8-4C12-880C-15598E16C925}.Debug|Any CPU.Build.0 = Debug|Any CPU
		{99AA588B-46C8-4C12-880C-15598E16C925}.Debug|Mixed Platforms.ActiveCfg = Debug|Any CPU
		{99AA588B-46C8-4C12-880C-15598E16C925}.Debug|Mixed Platforms.Build.0 = Debug|Any CPU
		{99AA588B-46C8-4C12-880C-15598E16C925}.Debug|x86.ActiveCfg = Debug|Any CPU
		{99AA588B-46C8-4C12-880C-15598E16C925}.Release|Any CPU.ActiveCfg = Release|Any CPU
		{99AA588B-46C8-4C12-880C-15598E16C925}.Release|Any CPU.Build.0 = Release|Any CPU
		{99AA588B-46C8-4C12-880C-15598E16C925}.Release|Mixed Platforms.ActiveCfg = Release|Any CPU
		{99AA588B-46C8-4C12-880C-15598E16C925}.Release|x86.ActiveCfg = Release|Any CPU
		{11965CE7-309F-46C0-8408-2C31CA14901C}.Debug|Any CPU.ActiveCfg = Debug|Any CPU
		{11965CE7-309F-46C0-8408-2C31CA14901C}.Debug|Any CPU.Build.0 = Debug|Any CPU
		{11965CE7-309F-46C0-8408-2C31CA14901C}.Debug|Mixed Platforms.ActiveCfg = Debug|Any CPU
		{11965CE7-309F-46C0-8408-2C31CA14901C}.Debug|x86.ActiveCfg = Debug|Any CPU
		{11965CE7-309F-46C0-8408-2C31CA14901C}.Release|Any CPU.ActiveCfg = Release|Any CPU
		{11965CE7-309F-46C0-8408-2C31CA14901C}.Release|Any CPU.Build.0 = Release|Any CPU
		{11965CE7-309F-46C0-8408-2C31CA14901C}.Release|Mixed Platforms.ActiveCfg = Release|Any CPU
		{11965CE7-309F-46C0-8408-2C31CA14901C}.Release|x86.ActiveCfg = Release|Any CPU
	EndGlobalSection
	GlobalSection(SolutionProperties) = preSolution
		HideSolutionNode = FALSE
	EndGlobalSection
EndGlobal
